
Microsoft Visual Studio Solution File, Format Version 12.00
# Visual Studio Version 16
VisualStudioVersion = 16.0.29509.3
MinimumVisualStudioVersion = 10.0.40219.1
Project("{2150E333-8FDC-42A3-9474-1A3956D46DE8}") = "Tests", "Tests", "{55236B88-05B4-477A-BD5F-4BC0866D7980}"
EndProject
Project("{9A19103F-16F7-4668-BE54-9A1E7A4F7556}") = "TrainRoutes.Tests", "TrainRoutes.Tests\TrainRoutes.Tests.csproj", "{46B3CCC4-3182-46E2-A52A-F1588F1C8CC6}"
	ProjectSection(ProjectDependencies) = postProject
		{3DC02E29-FEE3-40F5-9AA4-3CE70FEAE1AB} = {3DC02E29-FEE3-40F5-9AA4-3CE70FEAE1AB}
		{C2D44437-694D-4697-B078-877E62C23453} = {C2D44437-694D-4697-B078-877E62C23453}
		{FEDB5CAF-0595-4F84-80F2-24A0DFCF2870} = {FEDB5CAF-0595-4F84-80F2-24A0DFCF2870}
	EndProjectSection
EndProject
Project("{9A19103F-16F7-4668-BE54-9A1E7A4F7556}") = "TrainRoutes.UI", "TrainRoutes.UI\TrainRoutes.UI\TrainRoutes.UI.csproj", "{FEDB5CAF-0595-4F84-80F2-24A0DFCF2870}"
	ProjectSection(ProjectDependencies) = postProject
		{3DC02E29-FEE3-40F5-9AA4-3CE70FEAE1AB} = {3DC02E29-FEE3-40F5-9AA4-3CE70FEAE1AB}
	EndProjectSection
EndProject
Project("{9A19103F-16F7-4668-BE54-9A1E7A4F7556}") = "TrainRoutes.Services", "TrainRoutes.Services\TrainRoutes.Services.csproj", "{3DC02E29-FEE3-40F5-9AA4-3CE70FEAE1AB}"
	ProjectSection(ProjectDependencies) = postProject
		{C2D44437-694D-4697-B078-877E62C23453} = {C2D44437-694D-4697-B078-877E62C23453}
	EndProjectSection
EndProject
Project("{9A19103F-16F7-4668-BE54-9A1E7A4F7556}") = "TrainRoutes.Data", "TrainRoutes.Data\TrainRoutes.Data.csproj", "{C2D44437-694D-4697-B078-877E62C23453}"
EndProject
Project("{9A19103F-16F7-4668-BE54-9A1E7A4F7556}") = "TrainRoutes.Domain", "TrainRoutes.Domain\TrainRoutes.Domain.csproj", "{DE06AD61-11D8-430E-9344-89B3965E5077}"
EndProject
Project("{2150E333-8FDC-42A3-9474-1A3956D46DE8}") = "Solution Items", "Solution Items", "{4E2E9C8F-F026-4A36-B470-A7FEFEC060F4}"
EndProject
Global
	GlobalSection(SolutionConfigurationPlatforms) = preSolution
		Debug|Any CPU = Debug|Any CPU
		Release|Any CPU = Release|Any CPU
	EndGlobalSection
	GlobalSection(ProjectConfigurationPlatforms) = postSolution
		{46B3CCC4-3182-46E2-A52A-F1588F1C8CC6}.Debug|Any CPU.ActiveCfg = Debug|Any CPU
		{46B3CCC4-3182-46E2-A52A-F1588F1C8CC6}.Debug|Any CPU.Build.0 = Debug|Any CPU
		{46B3CCC4-3182-46E2-A52A-F1588F1C8CC6}.Release|Any CPU.ActiveCfg = Release|Any CPU
		{46B3CCC4-3182-46E2-A52A-F1588F1C8CC6}.Release|Any CPU.Build.0 = Release|Any CPU
		{FEDB5CAF-0595-4F84-80F2-24A0DFCF2870}.Debug|Any CPU.ActiveCfg = Debug|Any CPU
		{FEDB5CAF-0595-4F84-80F2-24A0DFCF2870}.Debug|Any CPU.Build.0 = Debug|Any CPU
		{FEDB5CAF-0595-4F84-80F2-24A0DFCF2870}.Release|Any CPU.ActiveCfg = Release|Any CPU
		{FEDB5CAF-0595-4F84-80F2-24A0DFCF2870}.Release|Any CPU.Build.0 = Release|Any CPU
		{3DC02E29-FEE3-40F5-9AA4-3CE70FEAE1AB}.Debug|Any CPU.ActiveCfg = Debug|Any CPU
		{3DC02E29-FEE3-40F5-9AA4-3CE70FEAE1AB}.Debug|Any CPU.Build.0 = Debug|Any CPU
		{3DC02E29-FEE3-40F5-9AA4-3CE70FEAE1AB}.Release|Any CPU.ActiveCfg = Release|Any CPU
		{3DC02E29-FEE3-40F5-9AA4-3CE70FEAE1AB}.Release|Any CPU.Build.0 = Release|Any CPU
		{C2D44437-694D-4697-B078-877E62C23453}.Debug|Any CPU.ActiveCfg = Debug|Any CPU
		{C2D44437-694D-4697-B078-877E62C23453}.Debug|Any CPU.Build.0 = Debug|Any CPU
		{C2D44437-694D-4697-B078-877E62C23453}.Release|Any CPU.ActiveCfg = Release|Any CPU
		{C2D44437-694D-4697-B078-877E62C23453}.Release|Any CPU.Build.0 = Release|Any CPU
		{DE06AD61-11D8-430E-9344-89B3965E5077}.Debug|Any CPU.ActiveCfg = Debug|Any CPU
		{DE06AD61-11D8-430E-9344-89B3965E5077}.Debug|Any CPU.Build.0 = Debug|Any CPU
		{DE06AD61-11D8-430E-9344-89B3965E5077}.Release|Any CPU.ActiveCfg = Release|Any CPU
		{DE06AD61-11D8-430E-9344-89B3965E5077}.Release|Any CPU.Build.0 = Release|Any CPU
	EndGlobalSection
	GlobalSection(SolutionProperties) = preSolution
		HideSolutionNode = FALSE
	EndGlobalSection
	GlobalSection(NestedProjects) = preSolution
		{46B3CCC4-3182-46E2-A52A-F1588F1C8CC6} = {55236B88-05B4-477A-BD5F-4BC0866D7980}
	EndGlobalSection
	GlobalSection(ExtensibilityGlobals) = postSolution
		SolutionGuid = {D26CA24D-60F1-42F8-B3C0-A22B1BC851E2}
	EndGlobalSection
EndGlobal
